
Microsoft Visual Studio Solution File, Format Version 12.00
# Visual Studio 2013
VisualStudioVersion = 12.0.30501.0
MinimumVisualStudioVersion = 10.0.40219.1
Project("{FAE04EC0-301F-11D3-BF4B-00C04F79EFBC}") = "BlackJack.Common", "BlackJack.Common\BlackJack.Common.csproj", "{90286DAF-0AF9-4206-840F-10A1AAA7AB45}"
EndProject
Project("{FAE04EC0-301F-11D3-BF4B-00C04F79EFBC}") = "BlackJack.Client", "BlackJack.Client\BlackJack.Client.csproj", "{C595D83E-AFE5-42E8-B5FB-7DF52911CE9F}"
EndProject
Project("{FAE04EC0-301F-11D3-BF4B-00C04F79EFBC}") = "BlackJack.Server", "BlackJack.Server\BlackJack.Server.csproj", "{972B1973-688E-4F7E-8C7F-C13A236991D2}"
EndProject
Global
	GlobalSection(SolutionConfigurationPlatforms) = preSolution
		Debug|Any CPU = Debug|Any CPU
		Release|Any CPU = Release|Any CPU
	EndGlobalSection
	GlobalSection(ProjectConfigurationPlatforms) = postSolution
		{90286DAF-0AF9-4206-840F-10A1AAA7AB45}.Debug|Any CPU.ActiveCfg = Debug|Any CPU
		{90286DAF-0AF9-4206-840F-10A1AAA7AB45}.Debug|Any CPU.Build.0 = Debug|Any CPU
		{90286DAF-0AF9-4206-840F-10A1AAA7AB45}.Release|Any CPU.ActiveCfg = Release|Any CPU
		{90286DAF-0AF9-4206-840F-10A1AAA7AB45}.Release|Any CPU.Build.0 = Release|Any CPU
		{C595D83E-AFE5-42E8-B5FB-7DF52911CE9F}.Debug|Any CPU.ActiveCfg = Debug|Any CPU
		{C595D83E-AFE5-42E8-B5FB-7DF52911CE9F}.Debug|Any CPU.Build.0 = Debug|Any CPU
		{C595D83E-AFE5-42E8-B5FB-7DF52911CE9F}.Release|Any CPU.ActiveCfg = Release|Any CPU
		{C595D83E-AFE5-42E8-B5FB-7DF52911CE9F}.Release|Any CPU.Build.0 = Release|Any CPU
		{972B1973-688E-4F7E-8C7F-C13A236991D2}.Debug|Any CPU.ActiveCfg = Debug|Any CPU
		{972B1973-688E-4F7E-8C7F-C13A236991D2}.Debug|Any CPU.Build.0 = Debug|Any CPU
		{972B1973-688E-4F7E-8C7F-C13A236991D2}.Release|Any CPU.ActiveCfg = Release|Any CPU
		{972B1973-688E-4F7E-8C7F-C13A236991D2}.Release|Any CPU.Build.0 = Release|Any CPU
	EndGlobalSection
	GlobalSection(SolutionProperties) = preSolution
		HideSolutionNode = FALSE
	EndGlobalSection
EndGlobal
